
Microsoft Visual Studio Solution File, Format Version 12.00
# Visual Studio Version 17
VisualStudioVersion = 17.1.32421.90
MinimumVisualStudioVersion = 10.0.40219.1
Project("{FAE04EC0-301F-11D3-BF4B-00C04F79EFBC}") = "EsempiLinq", "EsempiLinq.csproj", "{4249450B-C55C-433B-80F8-B78CCEED288E}"
EndProject
Global
	GlobalSection(SolutionConfigurationPlatforms) = preSolution
		Debug|Any CPU = Debug|Any CPU
		Release|Any CPU = Release|Any CPU
	EndGlobalSection
	GlobalSection(ProjectConfigurationPlatforms) = postSolution
		{4249450B-C55C-433B-80F8-B78CCEED288E}.Debug|Any CPU.ActiveCfg = Debug|Any CPU
		{4249450B-C55C-433B-80F8-B78CCEED288E}.Debug|Any CPU.Build.0 = Debug|Any CPU
		{4249450B-C55C-433B-80F8-B78CCEED288E}.Release|Any CPU.ActiveCfg = Release|Any CPU
		{4249450B-C55C-433B-80F8-B78CCEED288E}.Release|Any CPU.Build.0 = Release|Any CPU
	EndGlobalSection
	GlobalSection(SolutionProperties) = preSolution
		HideSolutionNode = FALSE
	EndGlobalSection
	GlobalSection(ExtensibilityGlobals) = postSolution
		SolutionGuid = {D41DE6BB-8B83-476D-B25A-07D79FE80AD1}
	EndGlobalSection
EndGlobal
